
Microsoft Visual Studio Solution File, Format Version 12.00
# Visual Studio Version 17
VisualStudioVersion = 17.2.32630.192
MinimumVisualStudioVersion = 10.0.40219.1
Project("{9A19103F-16F7-4668-BE54-9A1E7A4F7556}") = "FurryHelper", "Code\FurryHelper.csproj", "{0187AE06-22FC-459B-B7CF-8C639EB9D079}"
EndProject
Global
	GlobalSection(SolutionConfigurationPlatforms) = preSolution
		Debug|Any CPU = Debug|Any CPU
		Release|Any CPU = Release|Any CPU
	EndGlobalSection
	GlobalSection(ProjectConfigurationPlatforms) = postSolution
		{0187AE06-22FC-459B-B7CF-8C639EB9D079}.Debug|Any CPU.ActiveCfg = Debug|Any CPU
		{0187AE06-22FC-459B-B7CF-8C639EB9D079}.Debug|Any CPU.Build.0 = Debug|Any CPU
		{0187AE06-22FC-459B-B7CF-8C639EB9D079}.Release|Any CPU.ActiveCfg = Release|Any CPU
		{0187AE06-22FC-459B-B7CF-8C639EB9D079}.Release|Any CPU.Build.0 = Release|Any CPU
	EndGlobalSection
	GlobalSection(SolutionProperties) = preSolution
		HideSolutionNode = FALSE
	EndGlobalSection
	GlobalSection(ExtensibilityGlobals) = postSolution
		SolutionGuid = {1CD602B3-97A4-41B8-BF2C-4D8ACFA71738}
	EndGlobalSection
EndGlobal
